// !$*UTF8*$!
{
	archiveVersion = 1;
	classes = {
	};
	objectVersion = 50;
	objects = {

/* Begin PBXBuildFile section */
		169A04D72295FA84321BEAE1 /* Pods_Flixter_FlixterUITests.framework in Frameworks */ = {isa = PBXBuildFile; fileRef = DA1ADB8385EAA5844C848204 /* Pods_Flixter_FlixterUITests.framework */; };
		6A7712C9261AB30800A72EF3 /* AppDelegate.swift in Sources */ = {isa = PBXBuildFile; fileRef = 6A7712C8261AB30800A72EF3 /* AppDelegate.swift */; };
		6A7712CB261AB30800A72EF3 /* SceneDelegate.swift in Sources */ = {isa = PBXBuildFile; fileRef = 6A7712CA261AB30800A72EF3 /* SceneDelegate.swift */; };
		6A7712D0261AB30800A72EF3 /* Main.storyboard in Resources */ = {isa = PBXBuildFile; fileRef = 6A7712CE261AB30800A72EF3 /* Main.storyboard */; };
		6A7712D2261AB30800A72EF3 /* Assets.xcassets in Resources */ = {isa = PBXBuildFile; fileRef = 6A7712D1261AB30800A72EF3 /* Assets.xcassets */; };
		6A7712D5261AB30800A72EF3 /* LaunchScreen.storyboard in Resources */ = {isa = PBXBuildFile; fileRef = 6A7712D3261AB30800A72EF3 /* LaunchScreen.storyboard */; };
		6A7712E0261AB30800A72EF3 /* FlixterTests.swift in Sources */ = {isa = PBXBuildFile; fileRef = 6A7712DF261AB30800A72EF3 /* FlixterTests.swift */; };
		6A7712EB261AB30800A72EF3 /* FlixterUITests.swift in Sources */ = {isa = PBXBuildFile; fileRef = 6A7712EA261AB30800A72EF3 /* FlixterUITests.swift */; };
		6A7712FF261AB45B00A72EF3 /* MoviesViewController.swift in Sources */ = {isa = PBXBuildFile; fileRef = 6A7712FE261AB45B00A72EF3 /* MoviesViewController.swift */; };
		6A771304261AC21E00A72EF3 /* MovieCell.swift in Sources */ = {isa = PBXBuildFile; fileRef = 6A771303261AC21E00A72EF3 /* MovieCell.swift */; };
		74C82C9167F8AB9DEC575921 /* Pods_FlixterTests.framework in Frameworks */ = {isa = PBXBuildFile; fileRef = 7F4E94FF0A9912AB34B224CA /* Pods_FlixterTests.framework */; };
		AAF2DAB0E20F90EF1E7D3962 /* Pods_Flixter.framework in Frameworks */ = {isa = PBXBuildFile; fileRef = 0D9A08DE81112F440759D31C /* Pods_Flixter.framework */; };
/* End PBXBuildFile section */

/* Begin PBXContainerItemProxy section */
		6A7712DC261AB30800A72EF3 /* PBXContainerItemProxy */ = {
			isa = PBXContainerItemProxy;
			containerPortal = 6A7712BD261AB30800A72EF3 /* Project object */;
			proxyType = 1;
			remoteGlobalIDString = 6A7712C4261AB30800A72EF3;
			remoteInfo = Flixter;
		};
		6A7712E7261AB30800A72EF3 /* PBXContainerItemProxy */ = {
			isa = PBXContainerItemProxy;
			containerPortal = 6A7712BD261AB30800A72EF3 /* Project object */;
			proxyType = 1;
			remoteGlobalIDString = 6A7712C4261AB30800A72EF3;
			remoteInfo = Flixter;
		};
/* End PBXContainerItemProxy section */

/* Begin PBXFileReference section */
		0D9A08DE81112F440759D31C /* Pods_Flixter.framework */ = {isa = PBXFileReference; explicitFileType = wrapper.framework; includeInIndex = 0; path = Pods_Flixter.framework; sourceTree = BUILT_PRODUCTS_DIR; };
		167BB932F2A8AA4B3D502887 /* Pods-Flixter-FlixterUITests.release.xcconfig */ = {isa = PBXFileReference; includeInIndex = 1; lastKnownFileType = text.xcconfig; name = "Pods-Flixter-FlixterUITests.release.xcconfig"; path = "Target Support Files/Pods-Flixter-FlixterUITests/Pods-Flixter-FlixterUITests.release.xcconfig"; sourceTree = "<group>"; };
		1B543130651E93F4F6027AE0 /* Pods-FlixterTests.release.xcconfig */ = {isa = PBXFileReference; includeInIndex = 1; lastKnownFileType = text.xcconfig; name = "Pods-FlixterTests.release.xcconfig"; path = "Target Support Files/Pods-FlixterTests/Pods-FlixterTests.release.xcconfig"; sourceTree = "<group>"; };
		1F9FAB6313D3072AEE524FB3 /* Pods-Flixter.debug.xcconfig */ = {isa = PBXFileReference; includeInIndex = 1; lastKnownFileType = text.xcconfig; name = "Pods-Flixter.debug.xcconfig"; path = "Target Support Files/Pods-Flixter/Pods-Flixter.debug.xcconfig"; sourceTree = "<group>"; };
		6A7712C5261AB30800A72EF3 /* Flixter.app */ = {isa = PBXFileReference; explicitFileType = wrapper.application; includeInIndex = 0; path = Flixter.app; sourceTree = BUILT_PRODUCTS_DIR; };
		6A7712C8261AB30800A72EF3 /* AppDelegate.swift */ = {isa = PBXFileReference; lastKnownFileType = sourcecode.swift; path = AppDelegate.swift; sourceTree = "<group>"; };
		6A7712CA261AB30800A72EF3 /* SceneDelegate.swift */ = {isa = PBXFileReference; lastKnownFileType = sourcecode.swift; path = SceneDelegate.swift; sourceTree = "<group>"; };
		6A7712CF261AB30800A72EF3 /* Base */ = {isa = PBXFileReference; lastKnownFileType = file.storyboard; name = Base; path = Base.lproj/Main.storyboard; sourceTree = "<group>"; };
		6A7712D1261AB30800A72EF3 /* Assets.xcassets */ = {isa = PBXFileReference; lastKnownFileType = folder.assetcatalog; path = Assets.xcassets; sourceTree = "<group>"; };
		6A7712D4261AB30800A72EF3 /* Base */ = {isa = PBXFileReference; lastKnownFileType = file.storyboard; name = Base; path = Base.lproj/LaunchScreen.storyboard; sourceTree = "<group>"; };
		6A7712D6261AB30800A72EF3 /* Info.plist */ = {isa = PBXFileReference; lastKnownFileType = text.plist.xml; path = Info.plist; sourceTree = "<group>"; };
		6A7712DB261AB30800A72EF3 /* FlixterTests.xctest */ = {isa = PBXFileReference; explicitFileType = wrapper.cfbundle; includeInIndex = 0; path = FlixterTests.xctest; sourceTree = BUILT_PRODUCTS_DIR; };
		6A7712DF261AB30800A72EF3 /* FlixterTests.swift */ = {isa = PBXFileReference; lastKnownFileType = sourcecode.swift; path = FlixterTests.swift; sourceTree = "<group>"; };
		6A7712E1261AB30800A72EF3 /* Info.plist */ = {isa = PBXFileReference; lastKnownFileType = text.plist.xml; path = Info.plist; sourceTree = "<group>"; };
		6A7712E6261AB30800A72EF3 /* FlixterUITests.xctest */ = {isa = PBXFileReference; explicitFileType = wrapper.cfbundle; includeInIndex = 0; path = FlixterUITests.xctest; sourceTree = BUILT_PRODUCTS_DIR; };
		6A7712EA261AB30800A72EF3 /* FlixterUITests.swift */ = {isa = PBXFileReference; lastKnownFileType = sourcecode.swift; path = FlixterUITests.swift; sourceTree = "<group>"; };
		6A7712EC261AB30800A72EF3 /* Info.plist */ = {isa = PBXFileReference; lastKnownFileType = text.plist.xml; path = Info.plist; sourceTree = "<group>"; };
		6A7712FE261AB45B00A72EF3 /* MoviesViewController.swift */ = {isa = PBXFileReference; lastKnownFileType = sourcecode.swift; path = MoviesViewController.swift; sourceTree = "<group>"; };
		6A771303261AC21E00A72EF3 /* MovieCell.swift */ = {isa = PBXFileReference; lastKnownFileType = sourcecode.swift; path = MovieCell.swift; sourceTree = "<group>"; };
		7F4E94FF0A9912AB34B224CA /* Pods_FlixterTests.framework */ = {isa = PBXFileReference; explicitFileType = wrapper.framework; includeInIndex = 0; path = Pods_FlixterTests.framework; sourceTree = BUILT_PRODUCTS_DIR; };
		C407332D8AD28185AB96314A /* Pods-Flixter-FlixterUITests.debug.xcconfig */ = {isa = PBXFileReference; includeInIndex = 1; lastKnownFileType = text.xcconfig; name = "Pods-Flixter-FlixterUITests.debug.xcconfig"; path = "Target Support Files/Pods-Flixter-FlixterUITests/Pods-Flixter-FlixterUITests.debug.xcconfig"; sourceTree = "<group>"; };
		D095FC842484E46A9CE0AD79 /* Pods-Flixter.release.xcconfig */ = {isa = PBXFileReference; includeInIndex = 1; lastKnownFileType = text.xcconfig; name = "Pods-Flixter.release.xcconfig"; path = "Target Support Files/Pods-Flixter/Pods-Flixter.release.xcconfig"; sourceTree = "<group>"; };
		DA1ADB8385EAA5844C848204 /* Pods_Flixter_FlixterUITests.framework */ = {isa = PBXFileReference; explicitFileType = wrapper.framework; includeInIndex = 0; path = Pods_Flixter_FlixterUITests.framework; sourceTree = BUILT_PRODUCTS_DIR; };
		DC71D8212C7D591C10A34FD5 /* Pods-FlixterTests.debug.xcconfig */ = {isa = PBXFileReference; includeInIndex = 1; lastKnownFileType = text.xcconfig; name = "Pods-FlixterTests.debug.xcconfig"; path = "Target Support Files/Pods-FlixterTests/Pods-FlixterTests.debug.xcconfig"; sourceTree = "<group>"; };
/* End PBXFileReference section */

/* Begin PBXFrameworksBuildPhase section */
		6A7712C2261AB30800A72EF3 /* Frameworks */ = {
			isa = PBXFrameworksBuildPhase;
			buildActionMask = 2147483647;
			files = (
				AAF2DAB0E20F90EF1E7D3962 /* Pods_Flixter.framework in Frameworks */,
			);
			runOnlyForDeploymentPostprocessing = 0;
		};
		6A7712D8261AB30800A72EF3 /* Frameworks */ = {
			isa = PBXFrameworksBuildPhase;
			buildActionMask = 2147483647;
			files = (
				74C82C9167F8AB9DEC575921 /* Pods_FlixterTests.framework in Frameworks */,
			);
			runOnlyForDeploymentPostprocessing = 0;
		};
		6A7712E3261AB30800A72EF3 /* Frameworks */ = {
			isa = PBXFrameworksBuildPhase;
			buildActionMask = 2147483647;
			files = (
				169A04D72295FA84321BEAE1 /* Pods_Flixter_FlixterUITests.framework in Frameworks */,
			);
			runOnlyForDeploymentPostprocessing = 0;
		};
/* End PBXFrameworksBuildPhase section */

/* Begin PBXGroup section */
		6A7712BC261AB30800A72EF3 = {
			isa = PBXGroup;
			children = (
				6A7712C7261AB30800A72EF3 /* Flixter */,
				6A7712DE261AB30800A72EF3 /* FlixterTests */,
				6A7712E9261AB30800A72EF3 /* FlixterUITests */,
				6A7712C6261AB30800A72EF3 /* Products */,
				80EA2A14F243FE1A6AE36686 /* Pods */,
				BAE49CD3E39B38CF603A4BA2 /* Frameworks */,
			);
			sourceTree = "<group>";
		};
		6A7712C6261AB30800A72EF3 /* Products */ = {
			isa = PBXGroup;
			children = (
				6A7712C5261AB30800A72EF3 /* Flixter.app */,
				6A7712DB261AB30800A72EF3 /* FlixterTests.xctest */,
				6A7712E6261AB30800A72EF3 /* FlixterUITests.xctest */,
			);
			name = Products;
			sourceTree = "<group>";
		};
		6A7712C7261AB30800A72EF3 /* Flixter */ = {
			isa = PBXGroup;
			children = (
				6A7712C8261AB30800A72EF3 /* AppDelegate.swift */,
				6A7712CA261AB30800A72EF3 /* SceneDelegate.swift */,
				6A7712CE261AB30800A72EF3 /* Main.storyboard */,
				6A7712D1261AB30800A72EF3 /* Assets.xcassets */,
				6A7712D3261AB30800A72EF3 /* LaunchScreen.storyboard */,
				6A7712D6261AB30800A72EF3 /* Info.plist */,
				6A7712FE261AB45B00A72EF3 /* MoviesViewController.swift */,
				6A771303261AC21E00A72EF3 /* MovieCell.swift */,
			);
			path = Flixter;
			sourceTree = "<group>";
		};
		6A7712DE261AB30800A72EF3 /* FlixterTests */ = {
			isa = PBXGroup;
			children = (
				6A7712DF261AB30800A72EF3 /* FlixterTests.swift */,
				6A7712E1261AB30800A72EF3 /* Info.plist */,
			);
			path = FlixterTests;
			sourceTree = "<group>";
		};
		6A7712E9261AB30800A72EF3 /* FlixterUITests */ = {
			isa = PBXGroup;
			children = (
				6A7712EA261AB30800A72EF3 /* FlixterUITests.swift */,
				6A7712EC261AB30800A72EF3 /* Info.plist */,
			);
			path = FlixterUITests;
			sourceTree = "<group>";
		};
		80EA2A14F243FE1A6AE36686 /* Pods */ = {
			isa = PBXGroup;
			children = (
				1F9FAB6313D3072AEE524FB3 /* Pods-Flixter.debug.xcconfig */,
				D095FC842484E46A9CE0AD79 /* Pods-Flixter.release.xcconfig */,
				C407332D8AD28185AB96314A /* Pods-Flixter-FlixterUITests.debug.xcconfig */,
				167BB932F2A8AA4B3D502887 /* Pods-Flixter-FlixterUITests.release.xcconfig */,
				DC71D8212C7D591C10A34FD5 /* Pods-FlixterTests.debug.xcconfig */,
				1B543130651E93F4F6027AE0 /* Pods-FlixterTests.release.xcconfig */,
			);
			name = Pods;
			path = Pods;
			sourceTree = "<group>";
		};
		BAE49CD3E39B38CF603A4BA2 /* Frameworks */ = {
			isa = PBXGroup;
			children = (
				0D9A08DE81112F440759D31C /* Pods_Flixter.framework */,
				DA1ADB8385EAA5844C848204 /* Pods_Flixter_FlixterUITests.framework */,
				7F4E94FF0A9912AB34B224CA /* Pods_FlixterTests.framework */,
			);
			name = Frameworks;
			sourceTree = "<group>";
		};
/* End PBXGroup section */

/* Begin PBXNativeTarget section */
		6A7712C4261AB30800A72EF3 /* Flixter */ = {
			isa = PBXNativeTarget;
			buildConfigurationList = 6A7712EF261AB30800A72EF3 /* Build configuration list for PBXNativeTarget "Flixter" */;
			buildPhases = (
				473BEEACD4527822E9A5BD20 /* [CP] Check Pods Manifest.lock */,
				6A7712C1261AB30800A72EF3 /* Sources */,
				6A7712C2261AB30800A72EF3 /* Frameworks */,
				6A7712C3261AB30800A72EF3 /* Resources */,
				497C499C8715CBCED24F6F2D /* [CP] Embed Pods Frameworks */,
			);
			buildRules = (
			);
			dependencies = (
			);
			name = Flixter;
			productName = Flixter;
			productReference = 6A7712C5261AB30800A72EF3 /* Flixter.app */;
			productType = "com.apple.product-type.application";
		};
		6A7712DA261AB30800A72EF3 /* FlixterTests */ = {
			isa = PBXNativeTarget;
			buildConfigurationList = 6A7712F2261AB30800A72EF3 /* Build configuration list for PBXNativeTarget "FlixterTests" */;
			buildPhases = (
				5CDB5A0D0BC77C952E9F520E /* [CP] Check Pods Manifest.lock */,
				6A7712D7261AB30800A72EF3 /* Sources */,
				6A7712D8261AB30800A72EF3 /* Frameworks */,
				6A7712D9261AB30800A72EF3 /* Resources */,
			);
			buildRules = (
			);
			dependencies = (
				6A7712DD261AB30800A72EF3 /* PBXTargetDependency */,
			);
			name = FlixterTests;
			productName = FlixterTests;
			productReference = 6A7712DB261AB30800A72EF3 /* FlixterTests.xctest */;
			productType = "com.apple.product-type.bundle.unit-test";
		};
		6A7712E5261AB30800A72EF3 /* FlixterUITests */ = {
			isa = PBXNativeTarget;
			buildConfigurationList = 6A7712F5261AB30800A72EF3 /* Build configuration list for PBXNativeTarget "FlixterUITests" */;
			buildPhases = (
				9BB05B72AE2B736F503DAC9C /* [CP] Check Pods Manifest.lock */,
				6A7712E2261AB30800A72EF3 /* Sources */,
				6A7712E3261AB30800A72EF3 /* Frameworks */,
				6A7712E4261AB30800A72EF3 /* Resources */,
				32EFD3D526DE03698C44AB2A /* [CP] Embed Pods Frameworks */,
			);
			buildRules = (
			);
			dependencies = (
				6A7712E8261AB30800A72EF3 /* PBXTargetDependency */,
			);
			name = FlixterUITests;
			productName = FlixterUITests;
			productReference = 6A7712E6261AB30800A72EF3 /* FlixterUITests.xctest */;
			productType = "com.apple.product-type.bundle.ui-testing";
		};
/* End PBXNativeTarget section */

/* Begin PBXProject section */
		6A7712BD261AB30800A72EF3 /* Project object */ = {
			isa = PBXProject;
			attributes = {
				LastSwiftUpdateCheck = 1240;
				LastUpgradeCheck = 1240;
				TargetAttributes = {
					6A7712C4261AB30800A72EF3 = {
						CreatedOnToolsVersion = 12.4;
					};
					6A7712DA261AB30800A72EF3 = {
						CreatedOnToolsVersion = 12.4;
						TestTargetID = 6A7712C4261AB30800A72EF3;
					};
					6A7712E5261AB30800A72EF3 = {
						CreatedOnToolsVersion = 12.4;
						TestTargetID = 6A7712C4261AB30800A72EF3;
					};
				};
			};
			buildConfigurationList = 6A7712C0261AB30800A72EF3 /* Build configuration list for PBXProject "Flixter" */;
			compatibilityVersion = "Xcode 9.3";
			developmentRegion = en;
			hasScannedForEncodings = 0;
			knownRegions = (
				en,
				Base,
			);
			mainGroup = 6A7712BC261AB30800A72EF3;
			productRefGroup = 6A7712C6261AB30800A72EF3 /* Products */;
			projectDirPath = "";
			projectRoot = "";
			targets = (
				6A7712C4261AB30800A72EF3 /* Flixter */,
				6A7712DA261AB30800A72EF3 /* FlixterTests */,
				6A7712E5261AB30800A72EF3 /* FlixterUITests */,
			);
		};
/* End PBXProject section */

/* Begin PBXResourcesBuildPhase section */
		6A7712C3261AB30800A72EF3 /* Resources */ = {
			isa = PBXResourcesBuildPhase;
			buildActionMask = 2147483647;
			files = (
				6A7712D5261AB30800A72EF3 /* LaunchScreen.storyboard in Resources */,
				6A7712D2261AB30800A72EF3 /* Assets.xcassets in Resources */,
				6A7712D0261AB30800A72EF3 /* Main.storyboard in Resources */,
			);
			runOnlyForDeploymentPostprocessing = 0;
		};
		6A7712D9261AB30800A72EF3 /* Resources */ = {
			isa = PBXResourcesBuildPhase;
			buildActionMask = 2147483647;
			files = (
			);
			runOnlyForDeploymentPostprocessing = 0;
		};
		6A7712E4261AB30800A72EF3 /* Resources */ = {
			isa = PBXResourcesBuildPhase;
			buildActionMask = 2147483647;
			files = (
			);
			runOnlyForDeploymentPostprocessing = 0;
		};
/* End PBXResourcesBuildPhase section */

/* Begin PBXShellScriptBuildPhase section */
		32EFD3D526DE03698C44AB2A /* [CP] Embed Pods Frameworks */ = {
			isa = PBXShellScriptBuildPhase;
			buildActionMask = 2147483647;
			files = (
			);
			inputFileListPaths = (
				"${PODS_ROOT}/Target Support Files/Pods-Flixter-FlixterUITests/Pods-Flixter-FlixterUITests-frameworks-${CONFIGURATION}-input-files.xcfilelist",
			);
			name = "[CP] Embed Pods Frameworks";
			outputFileListPaths = (
				"${PODS_ROOT}/Target Support Files/Pods-Flixter-FlixterUITests/Pods-Flixter-FlixterUITests-frameworks-${CONFIGURATION}-output-files.xcfilelist",
			);
			runOnlyForDeploymentPostprocessing = 0;
			shellPath = /bin/sh;
			shellScript = "\"${PODS_ROOT}/Target Support Files/Pods-Flixter-FlixterUITests/Pods-Flixter-FlixterUITests-frameworks.sh\"\n";
			showEnvVarsInLog = 0;
		};
		473BEEACD4527822E9A5BD20 /* [CP] Check Pods Manifest.lock */ = {
			isa = PBXShellScriptBuildPhase;
			buildActionMask = 2147483647;
			files = (
			);
			inputFileListPaths = (
			);
			inputPaths = (
				"${PODS_PODFILE_DIR_PATH}/Podfile.lock",
				"${PODS_ROOT}/Manifest.lock",
			);
			name = "[CP] Check Pods Manifest.lock";
			outputFileListPaths = (
			);
			outputPaths = (
				"$(DERIVED_FILE_DIR)/Pods-Flixter-checkManifestLockResult.txt",
			);
			runOnlyForDeploymentPostprocessing = 0;
			shellPath = /bin/sh;
			shellScript = "diff \"${PODS_PODFILE_DIR_PATH}/Podfile.lock\" \"${PODS_ROOT}/Manifest.lock\" > /dev/null\nif [ $? != 0 ] ; then\n    # print error to STDERR\n    echo \"error: The sandbox is not in sync with the Podfile.lock. Run 'pod install' or update your CocoaPods installation.\" >&2\n    exit 1\nfi\n# This output is used by Xcode 'outputs' to avoid re-running this script phase.\necho \"SUCCESS\" > \"${SCRIPT_OUTPUT_FILE_0}\"\n";
			showEnvVarsInLog = 0;
		};
		497C499C8715CBCED24F6F2D /* [CP] Embed Pods Frameworks */ = {
			isa = PBXShellScriptBuildPhase;
			buildActionMask = 2147483647;
			files = (
			);
			inputFileListPaths = (
				"${PODS_ROOT}/Target Support Files/Pods-Flixter/Pods-Flixter-frameworks-${CONFIGURATION}-input-files.xcfilelist",
			);
			name = "[CP] Embed Pods Frameworks";
			outputFileListPaths = (
				"${PODS_ROOT}/Target Support Files/Pods-Flixter/Pods-Flixter-frameworks-${CONFIGURATION}-output-files.xcfilelist",
			);
			runOnlyForDeploymentPostprocessing = 0;
			shellPath = /bin/sh;
			shellScript = "\"${PODS_ROOT}/Target Support Files/Pods-Flixter/Pods-Flixter-frameworks.sh\"\n";
			showEnvVarsInLog = 0;
		};
		5CDB5A0D0BC77C952E9F520E /* [CP] Check Pods Manifest.lock */ = {
			isa = PBXShellScriptBuildPhase;
			buildActionMask = 2147483647;
			files = (
			);
			inputFileListPaths = (
			);
			inputPaths = (
				"${PODS_PODFILE_DIR_PATH}/Podfile.lock",
				"${PODS_ROOT}/Manifest.lock",
			);
			name = "[CP] Check Pods Manifest.lock";
			outputFileListPaths = (
			);
			outputPaths = (
				"$(DERIVED_FILE_DIR)/Pods-FlixterTests-checkManifestLockResult.txt",
			);
			runOnlyForDeploymentPostprocessing = 0;
			shellPath = /bin/sh;
			shellScript = "diff \"${PODS_PODFILE_DIR_PATH}/Podfile.lock\" \"${PODS_ROOT}/Manifest.lock\" > /dev/null\nif [ $? != 0 ] ; then\n    # print error to STDERR\n    echo \"error: The sandbox is not in sync with the Podfile.lock. Run 'pod install' or update your CocoaPods installation.\" >&2\n    exit 1\nfi\n# This output is used by Xcode 'outputs' to avoid re-running this script phase.\necho \"SUCCESS\" > \"${SCRIPT_OUTPUT_FILE_0}\"\n";
			showEnvVarsInLog = 0;
		};
		9BB05B72AE2B736F503DAC9C /* [CP] Check Pods Manifest.lock */ = {
			isa = PBXShellScriptBuildPhase;
			buildActionMask = 2147483647;
			files = (
			);
			inputFileListPaths = (
			);
			inputPaths = (
				"${PODS_PODFILE_DIR_PATH}/Podfile.lock",
				"${PODS_ROOT}/Manifest.lock",
			);
			name = "[CP] Check Pods Manifest.lock";
			outputFileListPaths = (
			);
			outputPaths = (
				"$(DERIVED_FILE_DIR)/Pods-Flixter-FlixterUITests-checkManifestLockResult.txt",
			);
			runOnlyForDeploymentPostprocessing = 0;
			shellPath = /bin/sh;
			shellScript = "diff \"${PODS_PODFILE_DIR_PATH}/Podfile.lock\" \"${PODS_ROOT}/Manifest.lock\" > /dev/null\nif [ $? != 0 ] ; then\n    # print error to STDERR\n    echo \"error: The sandbox is not in sync with the Podfile.lock. Run 'pod install' or update your CocoaPods installation.\" >&2\n    exit 1\nfi\n# This output is used by Xcode 'outputs' to avoid re-running this script phase.\necho \"SUCCESS\" > \"${SCRIPT_OUTPUT_FILE_0}\"\n";
			showEnvVarsInLog = 0;
		};
/* End PBXShellScriptBuildPhase section */

/* Begin PBXSourcesBuildPhase section */
		6A7712C1261AB30800A72EF3 /* Sources */ = {
			isa = PBXSourcesBuildPhase;
			buildActionMask = 2147483647;
			files = (
				6A7712C9261AB30800A72EF3 /* AppDelegate.swift in Sources */,
				6A7712CB261AB30800A72EF3 /* SceneDelegate.swift in Sources */,
				6A771304261AC21E00A72EF3 /* MovieCell.swift in Sources */,
				6A7712FF261AB45B00A72EF3 /* MoviesViewController.swift in Sources */,
			);
			runOnlyForDeploymentPostprocessing = 0;
		};
		6A7712D7261AB30800A72EF3 /* Sources */ = {
			isa = PBXSourcesBuildPhase;
			buildActionMask = 2147483647;
			files = (
				6A7712E0261AB30800A72EF3 /* FlixterTests.swift in Sources */,
			);
			runOnlyForDeploymentPostprocessing = 0;
		};
		6A7712E2261AB30800A72EF3 /* Sources */ = {
			isa = PBXSourcesBuildPhase;
			buildActionMask = 2147483647;
			files = (
				6A7712EB261AB30800A72EF3 /* FlixterUITests.swift in Sources */,
			);
			runOnlyForDeploymentPostprocessing = 0;
		};
/* End PBXSourcesBuildPhase section */

/* Begin PBXTargetDependency section */
		6A7712DD261AB30800A72EF3 /* PBXTargetDependency */ = {
			isa = PBXTargetDependency;
			target = 6A7712C4261AB30800A72EF3 /* Flixter */;
			targetProxy = 6A7712DC261AB30800A72EF3 /* PBXContainerItemProxy */;
		};
		6A7712E8261AB30800A72EF3 /* PBXTargetDependency */ = {
			isa = PBXTargetDependency;
			target = 6A7712C4261AB30800A72EF3 /* Flixter */;
			targetProxy = 6A7712E7261AB30800A72EF3 /* PBXContainerItemProxy */;
		};
/* End PBXTargetDependency section */

/* Begin PBXVariantGroup section */
		6A7712CE261AB30800A72EF3 /* Main.storyboard */ = {
			isa = PBXVariantGroup;
			children = (
				6A7712CF261AB30800A72EF3 /* Base */,
			);
			name = Main.storyboard;
			sourceTree = "<group>";
		};
		6A7712D3261AB30800A72EF3 /* LaunchScreen.storyboard */ = {
			isa = PBXVariantGroup;
			children = (
				6A7712D4261AB30800A72EF3 /* Base */,
			);
			name = LaunchScreen.storyboard;
			sourceTree = "<group>";
		};
/* End PBXVariantGroup section */

/* Begin XCBuildConfiguration section */
		6A7712ED261AB30800A72EF3 /* Debug */ = {
			isa = XCBuildConfiguration;
			buildSettings = {
				ALWAYS_SEARCH_USER_PATHS = NO;
				CLANG_ANALYZER_NONNULL = YES;
				CLANG_ANALYZER_NUMBER_OBJECT_CONVERSION = YES_AGGRESSIVE;
				CLANG_CXX_LANGUAGE_STANDARD = "gnu++14";
				CLANG_CXX_LIBRARY = "libc++";
				CLANG_ENABLE_MODULES = YES;
				CLANG_ENABLE_OBJC_ARC = YES;
				CLANG_ENABLE_OBJC_WEAK = YES;
				CLANG_WARN_BLOCK_CAPTURE_AUTORELEASING = YES;
				CLANG_WARN_BOOL_CONVERSION = YES;
				CLANG_WARN_COMMA = YES;
				CLANG_WARN_CONSTANT_CONVERSION = YES;
				CLANG_WARN_DEPRECATED_OBJC_IMPLEMENTATIONS = YES;
				CLANG_WARN_DIRECT_OBJC_ISA_USAGE = YES_ERROR;
				CLANG_WARN_DOCUMENTATION_COMMENTS = YES;
				CLANG_WARN_EMPTY_BODY = YES;
				CLANG_WARN_ENUM_CONVERSION = YES;
				CLANG_WARN_INFINITE_RECURSION = YES;
				CLANG_WARN_INT_CONVERSION = YES;
				CLANG_WARN_NON_LITERAL_NULL_CONVERSION = YES;
				CLANG_WARN_OBJC_IMPLICIT_RETAIN_SELF = YES;
				CLANG_WARN_OBJC_LITERAL_CONVERSION = YES;
				CLANG_WARN_OBJC_ROOT_CLASS = YES_ERROR;
				CLANG_WARN_QUOTED_INCLUDE_IN_FRAMEWORK_HEADER = YES;
				CLANG_WARN_RANGE_LOOP_ANALYSIS = YES;
				CLANG_WARN_STRICT_PROTOTYPES = YES;
				CLANG_WARN_SUSPICIOUS_MOVE = YES;
				CLANG_WARN_UNGUARDED_AVAILABILITY = YES_AGGRESSIVE;
				CLANG_WARN_UNREACHABLE_CODE = YES;
				CLANG_WARN__DUPLICATE_METHOD_MATCH = YES;
				COPY_PHASE_STRIP = NO;
				DEBUG_INFORMATION_FORMAT = dwarf;
				ENABLE_STRICT_OBJC_MSGSEND = YES;
				ENABLE_TESTABILITY = YES;
				GCC_C_LANGUAGE_STANDARD = gnu11;
				GCC_DYNAMIC_NO_PIC = NO;
				GCC_NO_COMMON_BLOCKS = YES;
				GCC_OPTIMIZATION_LEVEL = 0;
				GCC_PREPROCESSOR_DEFINITIONS = (
					"DEBUG=1",
					"$(inherited)",
				);
				GCC_WARN_64_TO_32_BIT_CONVERSION = YES;
				GCC_WARN_ABOUT_RETURN_TYPE = YES_ERROR;
				GCC_WARN_UNDECLARED_SELECTOR = YES;
				GCC_WARN_UNINITIALIZED_AUTOS = YES_AGGRESSIVE;
				GCC_WARN_UNUSED_FUNCTION = YES;
				GCC_WARN_UNUSED_VARIABLE = YES;
				IPHONEOS_DEPLOYMENT_TARGET = 14.4;
				MTL_ENABLE_DEBUG_INFO = INCLUDE_SOURCE;
				MTL_FAST_MATH = YES;
				ONLY_ACTIVE_ARCH = YES;
				SDKROOT = iphoneos;
				SWIFT_ACTIVE_COMPILATION_CONDITIONS = DEBUG;
				SWIFT_OPTIMIZATION_LEVEL = "-Onone";
			};
			name = Debug;
		};
		6A7712EE261AB30800A72EF3 /* Release */ = {
			isa = XCBuildConfiguration;
			buildSettings = {
				ALWAYS_SEARCH_USER_PATHS = NO;
				CLANG_ANALYZER_NONNULL = YES;
				CLANG_ANALYZER_NUMBER_OBJECT_CONVERSION = YES_AGGRESSIVE;
				CLANG_CXX_LANGUAGE_STANDARD = "gnu++14";
				CLANG_CXX_LIBRARY = "libc++";
				CLANG_ENABLE_MODULES = YES;
				CLANG_ENABLE_OBJC_ARC = YES;
				CLANG_ENABLE_OBJC_WEAK = YES;
				CLANG_WARN_BLOCK_CAPTURE_AUTORELEASING = YES;
				CLANG_WARN_BOOL_CONVERSION = YES;
				CLANG_WARN_COMMA = YES;
				CLANG_WARN_CONSTANT_CONVERSION = YES;
				CLANG_WARN_DEPRECATED_OBJC_IMPLEMENTATIONS = YES;
				CLANG_WARN_DIRECT_OBJC_ISA_USAGE = YES_ERROR;
				CLANG_WARN_DOCUMENTATION_COMMENTS = YES;
				CLANG_WARN_EMPTY_BODY = YES;
				CLANG_WARN_ENUM_CONVERSION = YES;
				CLANG_WARN_INFINITE_RECURSION = YES;
				CLANG_WARN_INT_CONVERSION = YES;
				CLANG_WARN_NON_LITERAL_NULL_CONVERSION = YES;
				CLANG_WARN_OBJC_IMPLICIT_RETAIN_SELF = YES;
				CLANG_WARN_OBJC_LITERAL_CONVERSION = YES;
				CLANG_WARN_OBJC_ROOT_CLASS = YES_ERROR;
				CLANG_WARN_QUOTED_INCLUDE_IN_FRAMEWORK_HEADER = YES;
				CLANG_WARN_RANGE_LOOP_ANALYSIS = YES;
				CLANG_WARN_STRICT_PROTOTYPES = YES;
				CLANG_WARN_SUSPICIOUS_MOVE = YES;
				CLANG_WARN_UNGUARDED_AVAILABILITY = YES_AGGRESSIVE;
				CLANG_WARN_UNREACHABLE_CODE = YES;
				CLANG_WARN__DUPLICATE_METHOD_MATCH = YES;
				COPY_PHASE_STRIP = NO;
				DEBUG_INFORMATION_FORMAT = "dwarf-with-dsym";
				ENABLE_NS_ASSERTIONS = NO;
				ENABLE_STRICT_OBJC_MSGSEND = YES;
				GCC_C_LANGUAGE_STANDARD = gnu11;
				GCC_NO_COMMON_BLOCKS = YES;
				GCC_WARN_64_TO_32_BIT_CONVERSION = YES;
				GCC_WARN_ABOUT_RETURN_TYPE = YES_ERROR;
				GCC_WARN_UNDECLARED_SELECTOR = YES;
				GCC_WARN_UNINITIALIZED_AUTOS = YES_AGGRESSIVE;
				GCC_WARN_UNUSED_FUNCTION = YES;
				GCC_WARN_UNUSED_VARIABLE = YES;
				IPHONEOS_DEPLOYMENT_TARGET = 14.4;
				MTL_ENABLE_DEBUG_INFO = NO;
				MTL_FAST_MATH = YES;
				SDKROOT = iphoneos;
				SWIFT_COMPILATION_MODE = wholemodule;
				SWIFT_OPTIMIZATION_LEVEL = "-O";
				VALIDATE_PRODUCT = YES;
			};
			name = Release;
		};
		6A7712F0261AB30800A72EF3 /* Debug */ = {
			isa = XCBuildConfiguration;
			baseConfigurationReference = 1F9FAB6313D3072AEE524FB3 /* Pods-Flixter.debug.xcconfig */;
			buildSettings = {
				ASSETCATALOG_COMPILER_APPICON_NAME = AppIcon;
				ASSETCATALOG_COMPILER_GLOBAL_ACCENT_COLOR_NAME = AccentColor;
				CODE_SIGN_STYLE = Automatic;
				INFOPLIST_FILE = Flixter/Info.plist;
				LD_RUNPATH_SEARCH_PATHS = (
					"$(inherited)",
					"@executable_path/Frameworks",
				);
				PRODUCT_BUNDLE_IDENTIFIER = matthmn4.Flixter;
				PRODUCT_NAME = "$(TARGET_NAME)";
				SWIFT_VERSION = 5.0;
				TARGETED_DEVICE_FAMILY = "1,2";
			};
			name = Debug;
		};
		6A7712F1261AB30800A72EF3 /* Release */ = {
			isa = XCBuildConfiguration;
			baseConfigurationReference = D095FC842484E46A9CE0AD79 /* Pods-Flixter.release.xcconfig */;
			buildSettings = {
				ASSETCATALOG_COMPILER_APPICON_NAME = AppIcon;
				ASSETCATALOG_COMPILER_GLOBAL_ACCENT_COLOR_NAME = AccentColor;
				CODE_SIGN_STYLE = Automatic;
				INFOPLIST_FILE = Flixter/Info.plist;
				LD_RUNPATH_SEARCH_PATHS = (
					"$(inherited)",
					"@executable_path/Frameworks",
				);
				PRODUCT_BUNDLE_IDENTIFIER = matthmn4.Flixter;
				PRODUCT_NAME = "$(TARGET_NAME)";
				SWIFT_VERSION = 5.0;
				TARGETED_DEVICE_FAMILY = "1,2";
			};
			name = Release;
		};
		6A7712F3261AB30800A72EF3 /* Debug */ = {
			isa = XCBuildConfiguration;
			baseConfigurationReference = DC71D8212C7D591C10A34FD5 /* Pods-FlixterTests.debug.xcconfig */;
			buildSettings = {
				ALWAYS_EMBED_SWIFT_STANDARD_LIBRARIES = YES;
				BUNDLE_LOADER = "$(TEST_HOST)";
				CODE_SIGN_STYLE = Automatic;
				INFOPLIST_FILE = FlixterTests/Info.plist;
				IPHONEOS_DEPLOYMENT_TARGET = 14.4;
				LD_RUNPATH_SEARCH_PATHS = (
					"$(inherited)",
					"@executable_path/Frameworks",
					"@loader_path/Frameworks",
				);
				PRODUCT_BUNDLE_IDENTIFIER = matthmn4.FlixterTests;
				PRODUCT_NAME = "$(TARGET_NAME)";
				SWIFT_VERSION = 5.0;
				TARGETED_DEVICE_FAMILY = "1,2";
				TEST_HOST = "$(BUILT_PRODUCTS_DIR)/Flixter.app/Flixter";
			};
			name = Debug;
		};
		6A7712F4261AB30800A72EF3 /* Release */ = {
			isa = XCBuildConfiguration;
			baseConfigurationReference = 1B543130651E93F4F6027AE0 /* Pods-FlixterTests.release.xcconfig */;
			buildSettings = {
				ALWAYS_EMBED_SWIFT_STANDARD_LIBRARIES = YES;
				BUNDLE_LOADER = "$(TEST_HOST)";
				CODE_SIGN_STYLE = Automatic;
				INFOPLIST_FILE = FlixterTests/Info.plist;
				IPHONEOS_DEPLOYMENT_TARGET = 14.4;
				LD_RUNPATH_SEARCH_PATHS = (
					"$(inherited)",
					"@executable_path/Frameworks",
					"@loader_path/Frameworks",
				);
				PRODUCT_BUNDLE_IDENTIFIER = matthmn4.FlixterTests;
				PRODUCT_NAME = "$(TARGET_NAME)";
				SWIFT_VERSION = 5.0;
				TARGETED_DEVICE_FAMILY = "1,2";
				TEST_HOST = "$(BUILT_PRODUCTS_DIR)/Flixter.app/Flixter";
			};
			name = Release;
		};
		6A7712F6261AB30800A72EF3 /* Debug */ = {
			isa = XCBuildConfiguration;
			baseConfigurationReference = C407332D8AD28185AB96314A /* Pods-Flixter-FlixterUITests.debug.xcconfig */;
			buildSettings = {
				ALWAYS_EMBED_SWIFT_STANDARD_LIBRARIES = YES;
				CODE_SIGN_STYLE = Automatic;
				INFOPLIST_FILE = FlixterUITests/Info.plist;
				LD_RUNPATH_SEARCH_PATHS = (
					"$(inherited)",
					"@executable_path/Frameworks",
					"@loader_path/Frameworks",
				);
				PRODUCT_BUNDLE_IDENTIFIER = matthmn4.FlixterUITests;
				PRODUCT_NAME = "$(TARGET_NAME)";
				SWIFT_VERSION = 5.0;
				TARGETED_DEVICE_FAMILY = "1,2";
				TEST_TARGET_NAME = Flixter;
			};
			name = Debug;
		};
		6A7712F7261AB30800A72EF3 /* Release */ = {
			isa = XCBuildConfiguration;
			baseConfigurationReference = 167BB932F2A8AA4B3D502887 /* Pods-Flixter-FlixterUITests.release.xcconfig */;
			buildSettings = {
				ALWAYS_EMBED_SWIFT_STANDARD_LIBRARIES = YES;
				CODE_SIGN_STYLE = Automatic;
				INFOPLIST_FILE = FlixterUITests/Info.plist;
				LD_RUNPATH_SEARCH_PATHS = (
					"$(inherited)",
					"@executable_path/Frameworks",
					"@loader_path/Frameworks",
				);
				PRODUCT_BUNDLE_IDENTIFIER = matthmn4.FlixterUITests;
				PRODUCT_NAME = "$(TARGET_NAME)";
				SWIFT_VERSION = 5.0;
				TARGETED_DEVICE_FAMILY = "1,2";
				TEST_TARGET_NAME = Flixter;
			};
			name = Release;
		};
/* End XCBuildConfiguration section */

/* Begin XCConfigurationList section */
		6A7712C0261AB30800A72EF3 /* Build configuration list for PBXProject "Flixter" */ = {
			isa = XCConfigurationList;
			buildConfigurations = (
				6A7712ED261AB30800A72EF3 /* Debug */,
				6A7712EE261AB30800A72EF3 /* Release */,
			);
			defaultConfigurationIsVisible = 0;
			defaultConfigurationName = Release;
		};
		6A7712EF261AB30800A72EF3 /* Build configuration list for PBXNativeTarget "Flixter" */ = {
			isa = XCConfigurationList;
			buildConfigurations = (
				6A7712F0261AB30800A72EF3 /* Debug */,
				6A7712F1261AB30800A72EF3 /* Release */,
			);
			defaultConfigurationIsVisible = 0;
			defaultConfigurationName = Release;
		};
		6A7712F2261AB30800A72EF3 /* Build configuration list for PBXNativeTarget "FlixterTests" */ = {
			isa = XCConfigurationList;
			buildConfigurations = (
				6A7712F3261AB30800A72EF3 /* Debug */,
				6A7712F4261AB30800A72EF3 /* Release */,
			);
			defaultConfigurationIsVisible = 0;
			defaultConfigurationName = Release;
		};
		6A7712F5261AB30800A72EF3 /* Build configuration list for PBXNativeTarget "FlixterUITests" */ = {
			isa = XCConfigurationList;
			buildConfigurations = (
				6A7712F6261AB30800A72EF3 /* Debug */,
				6A7712F7261AB30800A72EF3 /* Release */,
			);
			defaultConfigurationIsVisible = 0;
			defaultConfigurationName = Release;
		};
/* End XCConfigurationList section */
	};
	rootObject = 6A7712BD261AB30800A72EF3 /* Project object */;
}
